// !$*UTF8*$!
{
	archiveVersion = 1;
	classes = {
	};
	objectVersion = 55;
	objects = {

/* Begin PBXBuildFile section */
		D8FEE49C2761DF72000E826D /* AppDelegate.swift in Sources */ = {isa = PBXBuildFile; fileRef = D8FEE49B2761DF72000E826D /* AppDelegate.swift */; };
		D8FEE49E2761DF72000E826D /* SceneDelegate.swift in Sources */ = {isa = PBXBuildFile; fileRef = D8FEE49D2761DF72000E826D /* SceneDelegate.swift */; };
		D8FEE4A02761DF72000E826D /* ViewController.swift in Sources */ = {isa = PBXBuildFile; fileRef = D8FEE49F2761DF72000E826D /* ViewController.swift */; };
		D8FEE4A32761DF72000E826D /* Main.storyboard in Resources */ = {isa = PBXBuildFile; fileRef = D8FEE4A12761DF72000E826D /* Main.storyboard */; };
		D8FEE4A52761DF80000E826D /* Assets.xcassets in Resources */ = {isa = PBXBuildFile; fileRef = D8FEE4A42761DF80000E826D /* Assets.xcassets */; };
		D8FEE4A82761DF80000E826D /* LaunchScreen.storyboard in Resources */ = {isa = PBXBuildFile; fileRef = D8FEE4A62761DF80000E826D /* LaunchScreen.storyboard */; };
		D8FEE4B32761DF81000E826D /* exam1o2Tests.swift in Sources */ = {isa = PBXBuildFile; fileRef = D8FEE4B22761DF81000E826D /* exam1o2Tests.swift */; };
		D8FEE4BD2761DF81000E826D /* exam1o2UITests.swift in Sources */ = {isa = PBXBuildFile; fileRef = D8FEE4BC2761DF81000E826D /* exam1o2UITests.swift */; };
		D8FEE4BF2761DF81000E826D /* exam1o2UITestsLaunchTests.swift in Sources */ = {isa = PBXBuildFile; fileRef = D8FEE4BE2761DF81000E826D /* exam1o2UITestsLaunchTests.swift */; };
/* End PBXBuildFile section */

/* Begin PBXContainerItemProxy section */
		D8FEE4AF2761DF81000E826D /* PBXContainerItemProxy */ = {
			isa = PBXContainerItemProxy;
			containerPortal = D8FEE4902761DF71000E826D /* Project object */;
			proxyType = 1;
			remoteGlobalIDString = D8FEE4972761DF72000E826D;
			remoteInfo = exam1o2;
		};
		D8FEE4B92761DF81000E826D /* PBXContainerItemProxy */ = {
			isa = PBXContainerItemProxy;
			containerPortal = D8FEE4902761DF71000E826D /* Project object */;
			proxyType = 1;
			remoteGlobalIDString = D8FEE4972761DF72000E826D;
			remoteInfo = exam1o2;
		};
/* End PBXContainerItemProxy section */

/* Begin PBXFileReference section */
		D8FEE4982761DF72000E826D /* exam1o2.app */ = {isa = PBXFileReference; explicitFileType = wrapper.application; includeInIndex = 0; path = exam1o2.app; sourceTree = BUILT_PRODUCTS_DIR; };
		D8FEE49B2761DF72000E826D /* AppDelegate.swift */ = {isa = PBXFileReference; lastKnownFileType = sourcecode.swift; path = AppDelegate.swift; sourceTree = "<group>"; };
		D8FEE49D2761DF72000E826D /* SceneDelegate.swift */ = {isa = PBXFileReference; lastKnownFileType = sourcecode.swift; path = SceneDelegate.swift; sourceTree = "<group>"; };
		D8FEE49F2761DF72000E826D /* ViewController.swift */ = {isa = PBXFileReference; lastKnownFileType = sourcecode.swift; path = ViewController.swift; sourceTree = "<group>"; };
		D8FEE4A22761DF72000E826D /* Base */ = {isa = PBXFileReference; lastKnownFileType = file.storyboard; name = Base; path = Base.lproj/Main.storyboard; sourceTree = "<group>"; };
		D8FEE4A42761DF80000E826D /* Assets.xcassets */ = {isa = PBXFileReference; lastKnownFileType = folder.assetcatalog; path = Assets.xcassets; sourceTree = "<group>"; };
		D8FEE4A72761DF80000E826D /* Base */ = {isa = PBXFileReference; lastKnownFileType = file.storyboard; name = Base; path = Base.lproj/LaunchScreen.storyboard; sourceTree = "<group>"; };
		D8FEE4A92761DF80000E826D /* Info.plist */ = {isa = PBXFileReference; lastKnownFileType = text.plist.xml; path = Info.plist; sourceTree = "<group>"; };
		D8FEE4AE2761DF81000E826D /* exam1o2Tests.xctest */ = {isa = PBXFileReference; explicitFileType = wrapper.cfbundle; includeInIndex = 0; path = exam1o2Tests.xctest; sourceTree = BUILT_PRODUCTS_DIR; };
		D8FEE4B22761DF81000E826D /* exam1o2Tests.swift */ = {isa = PBXFileReference; lastKnownFileType = sourcecode.swift; path = exam1o2Tests.swift; sourceTree = "<group>"; };
		D8FEE4B82761DF81000E826D /* exam1o2UITests.xctest */ = {isa = PBXFileReference; explicitFileType = wrapper.cfbundle; includeInIndex = 0; path = exam1o2UITests.xctest; sourceTree = BUILT_PRODUCTS_DIR; };
		D8FEE4BC2761DF81000E826D /* exam1o2UITests.swift */ = {isa = PBXFileReference; lastKnownFileType = sourcecode.swift; path = exam1o2UITests.swift; sourceTree = "<group>"; };
		D8FEE4BE2761DF81000E826D /* exam1o2UITestsLaunchTests.swift */ = {isa = PBXFileReference; lastKnownFileType = sourcecode.swift; path = exam1o2UITestsLaunchTests.swift; sourceTree = "<group>"; };
/* End PBXFileReference section */

/* Begin PBXFrameworksBuildPhase section */
		D8FEE4952761DF72000E826D /* Frameworks */ = {
			isa = PBXFrameworksBuildPhase;
			buildActionMask = 2147483647;
			files = (
			);
			runOnlyForDeploymentPostprocessing = 0;
		};
		D8FEE4AB2761DF81000E826D /* Frameworks */ = {
			isa = PBXFrameworksBuildPhase;
			buildActionMask = 2147483647;
			files = (
			);
			runOnlyForDeploymentPostprocessing = 0;
		};
		D8FEE4B52761DF81000E826D /* Frameworks */ = {
			isa = PBXFrameworksBuildPhase;
			buildActionMask = 2147483647;
			files = (
			);
			runOnlyForDeploymentPostprocessing = 0;
		};
/* End PBXFrameworksBuildPhase section */

/* Begin PBXGroup section */
		D8FEE48F2761DF71000E826D = {
			isa = PBXGroup;
			children = (
				D8FEE49A2761DF72000E826D /* exam1o2 */,
				D8FEE4B12761DF81000E826D /* exam1o2Tests */,
				D8FEE4BB2761DF81000E826D /* exam1o2UITests */,
				D8FEE4992761DF72000E826D /* Products */,
			);
			sourceTree = "<group>";
		};
		D8FEE4992761DF72000E826D /* Products */ = {
			isa = PBXGroup;
			children = (
				D8FEE4982761DF72000E826D /* exam1o2.app */,
				D8FEE4AE2761DF81000E826D /* exam1o2Tests.xctest */,
				D8FEE4B82761DF81000E826D /* exam1o2UITests.xctest */,
			);
			name = Products;
			sourceTree = "<group>";
		};
		D8FEE49A2761DF72000E826D /* exam1o2 */ = {
			isa = PBXGroup;
			children = (
				D8FEE49B2761DF72000E826D /* AppDelegate.swift */,
				D8FEE49D2761DF72000E826D /* SceneDelegate.swift */,
				D8FEE49F2761DF72000E826D /* ViewController.swift */,
				D8FEE4A12761DF72000E826D /* Main.storyboard */,
				D8FEE4A42761DF80000E826D /* Assets.xcassets */,
				D8FEE4A62761DF80000E826D /* LaunchScreen.storyboard */,
				D8FEE4A92761DF80000E826D /* Info.plist */,
			);
			path = exam1o2;
			sourceTree = "<group>";
		};
		D8FEE4B12761DF81000E826D /* exam1o2Tests */ = {
			isa = PBXGroup;
			children = (
				D8FEE4B22761DF81000E826D /* exam1o2Tests.swift */,
			);
			path = exam1o2Tests;
			sourceTree = "<group>";
		};
		D8FEE4BB2761DF81000E826D /* exam1o2UITests */ = {
			isa = PBXGroup;
			children = (
				D8FEE4BC2761DF81000E826D /* exam1o2UITests.swift */,
				D8FEE4BE2761DF81000E826D /* exam1o2UITestsLaunchTests.swift */,
			);
			path = exam1o2UITests;
			sourceTree = "<group>";
		};
/* End PBXGroup section */

/* Begin PBXNativeTarget section */
		D8FEE4972761DF72000E826D /* exam1o2 */ = {
			isa = PBXNativeTarget;
			buildConfigurationList = D8FEE4C22761DF81000E826D /* Build configuration list for PBXNativeTarget "exam1o2" */;
			buildPhases = (
				D8FEE4942761DF72000E826D /* Sources */,
				D8FEE4952761DF72000E826D /* Frameworks */,
				D8FEE4962761DF72000E826D /* Resources */,
			);
			buildRules = (
			);
			dependencies = (
			);
			name = exam1o2;
			productName = exam1o2;
			productReference = D8FEE4982761DF72000E826D /* exam1o2.app */;
			productType = "com.apple.product-type.application";
		};
		D8FEE4AD2761DF81000E826D /* exam1o2Tests */ = {
			isa = PBXNativeTarget;
			buildConfigurationList = D8FEE4C52761DF81000E826D /* Build configuration list for PBXNativeTarget "exam1o2Tests" */;
			buildPhases = (
				D8FEE4AA2761DF81000E826D /* Sources */,
				D8FEE4AB2761DF81000E826D /* Frameworks */,
				D8FEE4AC2761DF81000E826D /* Resources */,
			);
			buildRules = (
			);
			dependencies = (
				D8FEE4B02761DF81000E826D /* PBXTargetDependency */,
			);
			name = exam1o2Tests;
			productName = exam1o2Tests;
			productReference = D8FEE4AE2761DF81000E826D /* exam1o2Tests.xctest */;
			productType = "com.apple.product-type.bundle.unit-test";
		};
		D8FEE4B72761DF81000E826D /* exam1o2UITests */ = {
			isa = PBXNativeTarget;
			buildConfigurationList = D8FEE4C82761DF81000E826D /* Build configuration list for PBXNativeTarget "exam1o2UITests" */;
			buildPhases = (
				D8FEE4B42761DF81000E826D /* Sources */,
				D8FEE4B52761DF81000E826D /* Frameworks */,
				D8FEE4B62761DF81000E826D /* Resources */,
			);
			buildRules = (
			);
			dependencies = (
				D8FEE4BA2761DF81000E826D /* PBXTargetDependency */,
			);
			name = exam1o2UITests;
			productName = exam1o2UITests;
			productReference = D8FEE4B82761DF81000E826D /* exam1o2UITests.xctest */;
			productType = "com.apple.product-type.bundle.ui-testing";
		};
/* End PBXNativeTarget section */

/* Begin PBXProject section */
		D8FEE4902761DF71000E826D /* Project object */ = {
			isa = PBXProject;
			attributes = {
				BuildIndependentTargetsInParallel = 1;
				LastSwiftUpdateCheck = 1310;
				LastUpgradeCheck = 1310;
				TargetAttributes = {
					D8FEE4972761DF72000E826D = {
						CreatedOnToolsVersion = 13.1;
					};
					D8FEE4AD2761DF81000E826D = {
						CreatedOnToolsVersion = 13.1;
						TestTargetID = D8FEE4972761DF72000E826D;
					};
					D8FEE4B72761DF81000E826D = {
						CreatedOnToolsVersion = 13.1;
						TestTargetID = D8FEE4972761DF72000E826D;
					};
				};
			};
			buildConfigurationList = D8FEE4932761DF71000E826D /* Build configuration list for PBXProject "exam1o2" */;
			compatibilityVersion = "Xcode 13.0";
			developmentRegion = en;
			hasScannedForEncodings = 0;
			knownRegions = (
				en,
				Base,
			);
			mainGroup = D8FEE48F2761DF71000E826D;
			productRefGroup = D8FEE4992761DF72000E826D /* Products */;
			projectDirPath = "";
			projectRoot = "";
			targets = (
				D8FEE4972761DF72000E826D /* exam1o2 */,
				D8FEE4AD2761DF81000E826D /* exam1o2Tests */,
				D8FEE4B72761DF81000E826D /* exam1o2UITests */,
			);
		};
/* End PBXProject section */

/* Begin PBXResourcesBuildPhase section */
		D8FEE4962761DF72000E826D /* Resources */ = {
			isa = PBXResourcesBuildPhase;
			buildActionMask = 2147483647;
			files = (
				D8FEE4A82761DF80000E826D /* LaunchScreen.storyboard in Resources */,
				D8FEE4A52761DF80000E826D /* Assets.xcassets in Resources */,
				D8FEE4A32761DF72000E826D /* Main.storyboard in Resources */,
			);
			runOnlyForDeploymentPostprocessing = 0;
		};
		D8FEE4AC2761DF81000E826D /* Resources */ = {
			isa = PBXResourcesBuildPhase;
			buildActionMask = 2147483647;
			files = (
			);
			runOnlyForDeploymentPostprocessing = 0;
		};
		D8FEE4B62761DF81000E826D /* Resources */ = {
			isa = PBXResourcesBuildPhase;
			buildActionMask = 2147483647;
			files = (
			);
			runOnlyForDeploymentPostprocessing = 0;
		};
/* End PBXResourcesBuildPhase section */

/* Begin PBXSourcesBuildPhase section */
		D8FEE4942761DF72000E826D /* Sources */ = {
			isa = PBXSourcesBuildPhase;
			buildActionMask = 2147483647;
			files = (
				D8FEE4A02761DF72000E826D /* ViewController.swift in Sources */,
				D8FEE49C2761DF72000E826D /* AppDelegate.swift in Sources */,
				D8FEE49E2761DF72000E826D /* SceneDelegate.swift in Sources */,
			);
			runOnlyForDeploymentPostprocessing = 0;
		};
		D8FEE4AA2761DF81000E826D /* Sources */ = {
			isa = PBXSourcesBuildPhase;
			buildActionMask = 2147483647;
			files = (
				D8FEE4B32761DF81000E826D /* exam1o2Tests.swift in Sources */,
			);
			runOnlyForDeploymentPostprocessing = 0;
		};
		D8FEE4B42761DF81000E826D /* Sources */ = {
			isa = PBXSourcesBuildPhase;
			buildActionMask = 2147483647;
			files = (
				D8FEE4BF2761DF81000E826D /* exam1o2UITestsLaunchTests.swift in Sources */,
				D8FEE4BD2761DF81000E826D /* exam1o2UITests.swift in Sources */,
			);
			runOnlyForDeploymentPostprocessing = 0;
		};
/* End PBXSourcesBuildPhase section */

/* Begin PBXTargetDependency section */
		D8FEE4B02761DF81000E826D /* PBXTargetDependency */ = {
			isa = PBXTargetDependency;
			target = D8FEE4972761DF72000E826D /* exam1o2 */;
			targetProxy = D8FEE4AF2761DF81000E826D /* PBXContainerItemProxy */;
		};
		D8FEE4BA2761DF81000E826D /* PBXTargetDependency */ = {
			isa = PBXTargetDependency;
			target = D8FEE4972761DF72000E826D /* exam1o2 */;
			targetProxy = D8FEE4B92761DF81000E826D /* PBXContainerItemProxy */;
		};
/* End PBXTargetDependency section */

/* Begin PBXVariantGroup section */
		D8FEE4A12761DF72000E826D /* Main.storyboard */ = {
			isa = PBXVariantGroup;
			children = (
				D8FEE4A22761DF72000E826D /* Base */,
			);
			name = Main.storyboard;
			sourceTree = "<group>";
		};
		D8FEE4A62761DF80000E826D /* LaunchScreen.storyboard */ = {
			isa = PBXVariantGroup;
			children = (
				D8FEE4A72761DF80000E826D /* Base */,
			);
			name = LaunchScreen.storyboard;
			sourceTree = "<group>";
		};
/* End PBXVariantGroup section */

/* Begin XCBuildConfiguration section */
		D8FEE4C02761DF81000E826D /* Debug */ = {
			isa = XCBuildConfiguration;
			buildSettings = {
				ALWAYS_SEARCH_USER_PATHS = NO;
				CLANG_ANALYZER_NONNULL = YES;
				CLANG_ANALYZER_NUMBER_OBJECT_CONVERSION = YES_AGGRESSIVE;
				CLANG_CXX_LANGUAGE_STANDARD = "gnu++17";
				CLANG_CXX_LIBRARY = "libc++";
				CLANG_ENABLE_MODULES = YES;
				CLANG_ENABLE_OBJC_ARC = YES;
				CLANG_ENABLE_OBJC_WEAK = YES;
				CLANG_WARN_BLOCK_CAPTURE_AUTORELEASING = YES;
				CLANG_WARN_BOOL_CONVERSION = YES;
				CLANG_WARN_COMMA = YES;
				CLANG_WARN_CONSTANT_CONVERSION = YES;
				CLANG_WARN_DEPRECATED_OBJC_IMPLEMENTATIONS = YES;
				CLANG_WARN_DIRECT_OBJC_ISA_USAGE = YES_ERROR;
				CLANG_WARN_DOCUMENTATION_COMMENTS = YES;
				CLANG_WARN_EMPTY_BODY = YES;
				CLANG_WARN_ENUM_CONVERSION = YES;
				CLANG_WARN_INFINITE_RECURSION = YES;
				CLANG_WARN_INT_CONVERSION = YES;
				CLANG_WARN_NON_LITERAL_NULL_CONVERSION = YES;
				CLANG_WARN_OBJC_IMPLICIT_RETAIN_SELF = YES;
				CLANG_WARN_OBJC_LITERAL_CONVERSION = YES;
				CLANG_WARN_OBJC_ROOT_CLASS = YES_ERROR;
				CLANG_WARN_QUOTED_INCLUDE_IN_FRAMEWORK_HEADER = YES;
				CLANG_WARN_RANGE_LOOP_ANALYSIS = YES;
				CLANG_WARN_STRICT_PROTOTYPES = YES;
				CLANG_WARN_SUSPICIOUS_MOVE = YES;
				CLANG_WARN_UNGUARDED_AVAILABILITY = YES_AGGRESSIVE;
				CLANG_WARN_UNREACHABLE_CODE = YES;
				CLANG_WARN__DUPLICATE_METHOD_MATCH = YES;
				COPY_PHASE_STRIP = NO;
				DEBUG_INFORMATION_FORMAT = dwarf;
				ENABLE_STRICT_OBJC_MSGSEND = YES;
				ENABLE_TESTABILITY = YES;
				GCC_C_LANGUAGE_STANDARD = gnu11;
				GCC_DYNAMIC_NO_PIC = NO;
				GCC_NO_COMMON_BLOCKS = YES;
				GCC_OPTIMIZATION_LEVEL = 0;
				GCC_PREPROCESSOR_DEFINITIONS = (
					"DEBUG=1",
					"$(inherited)",
				);
				GCC_WARN_64_TO_32_BIT_CONVERSION = YES;
				GCC_WARN_ABOUT_RETURN_TYPE = YES_ERROR;
				GCC_WARN_UNDECLARED_SELECTOR = YES;
				GCC_WARN_UNINITIALIZED_AUTOS = YES_AGGRESSIVE;
				GCC_WARN_UNUSED_FUNCTION = YES;
				GCC_WARN_UNUSED_VARIABLE = YES;
				IPHONEOS_DEPLOYMENT_TARGET = 15.0;
				MTL_ENABLE_DEBUG_INFO = INCLUDE_SOURCE;
				MTL_FAST_MATH = YES;
				ONLY_ACTIVE_ARCH = YES;
				SDKROOT = iphoneos;
				SWIFT_ACTIVE_COMPILATION_CONDITIONS = DEBUG;
				SWIFT_OPTIMIZATION_LEVEL = "-Onone";
			};
			name = Debug;
		};
		D8FEE4C12761DF81000E826D /* Release */ = {
			isa = XCBuildConfiguration;
			buildSettings = {
				ALWAYS_SEARCH_USER_PATHS = NO;
				CLANG_ANALYZER_NONNULL = YES;
				CLANG_ANALYZER_NUMBER_OBJECT_CONVERSION = YES_AGGRESSIVE;
				CLANG_CXX_LANGUAGE_STANDARD = "gnu++17";
				CLANG_CXX_LIBRARY = "libc++";
				CLANG_ENABLE_MODULES = YES;
				CLANG_ENABLE_OBJC_ARC = YES;
				CLANG_ENABLE_OBJC_WEAK = YES;
				CLANG_WARN_BLOCK_CAPTURE_AUTORELEASING = YES;
				CLANG_WARN_BOOL_CONVERSION = YES;
				CLANG_WARN_COMMA = YES;
				CLANG_WARN_CONSTANT_CONVERSION = YES;
				CLANG_WARN_DEPRECATED_OBJC_IMPLEMENTATIONS = YES;
				CLANG_WARN_DIRECT_OBJC_ISA_USAGE = YES_ERROR;
				CLANG_WARN_DOCUMENTATION_COMMENTS = YES;
				CLANG_WARN_EMPTY_BODY = YES;
				CLANG_WARN_ENUM_CONVERSION = YES;
				CLANG_WARN_INFINITE_RECURSION = YES;
				CLANG_WARN_INT_CONVERSION = YES;
				CLANG_WARN_NON_LITERAL_NULL_CONVERSION = YES;
				CLANG_WARN_OBJC_IMPLICIT_RETAIN_SELF = YES;
				CLANG_WARN_OBJC_LITERAL_CONVERSION = YES;
				CLANG_WARN_OBJC_ROOT_CLASS = YES_ERROR;
				CLANG_WARN_QUOTED_INCLUDE_IN_FRAMEWORK_HEADER = YES;
				CLANG_WARN_RANGE_LOOP_ANALYSIS = YES;
				CLANG_WARN_STRICT_PROTOTYPES = YES;
				CLANG_WARN_SUSPICIOUS_MOVE = YES;
				CLANG_WARN_UNGUARDED_AVAILABILITY = YES_AGGRESSIVE;
				CLANG_WARN_UNREACHABLE_CODE = YES;
				CLANG_WARN__DUPLICATE_METHOD_MATCH = YES;
				COPY_PHASE_STRIP = NO;
				DEBUG_INFORMATION_FORMAT = "dwarf-with-dsym";
				ENABLE_NS_ASSERTIONS = NO;
				ENABLE_STRICT_OBJC_MSGSEND = YES;
				GCC_C_LANGUAGE_STANDARD = gnu11;
				GCC_NO_COMMON_BLOCKS = YES;
				GCC_WARN_64_TO_32_BIT_CONVERSION = YES;
				GCC_WARN_ABOUT_RETURN_TYPE = YES_ERROR;
				GCC_WARN_UNDECLARED_SELECTOR = YES;
				GCC_WARN_UNINITIALIZED_AUTOS = YES_AGGRESSIVE;
				GCC_WARN_UNUSED_FUNCTION = YES;
				GCC_WARN_UNUSED_VARIABLE = YES;
				IPHONEOS_DEPLOYMENT_TARGET = 15.0;
				MTL_ENABLE_DEBUG_INFO = NO;
				MTL_FAST_MATH = YES;
				SDKROOT = iphoneos;
				SWIFT_COMPILATION_MODE = wholemodule;
				SWIFT_OPTIMIZATION_LEVEL = "-O";
				VALIDATE_PRODUCT = YES;
			};
			name = Release;
		};
		D8FEE4C32761DF81000E826D /* Debug */ = {
			isa = XCBuildConfiguration;
			buildSettings = {
				ASSETCATALOG_COMPILER_APPICON_NAME = AppIcon;
				ASSETCATALOG_COMPILER_GLOBAL_ACCENT_COLOR_NAME = AccentColor;
				CODE_SIGN_STYLE = Automatic;
				CURRENT_PROJECT_VERSION = 1;
				GENERATE_INFOPLIST_FILE = YES;
				INFOPLIST_FILE = exam1o2/Info.plist;
				INFOPLIST_KEY_UIApplicationSupportsIndirectInputEvents = YES;
				INFOPLIST_KEY_UILaunchStoryboardName = LaunchScreen;
				INFOPLIST_KEY_UIMainStoryboardFile = Main;
				INFOPLIST_KEY_UISupportedInterfaceOrientations_iPad = "UIInterfaceOrientationPortrait UIInterfaceOrientationPortraitUpsideDown UIInterfaceOrientationLandscapeLeft UIInterfaceOrientationLandscapeRight";
				INFOPLIST_KEY_UISupportedInterfaceOrientations_iPhone = "UIInterfaceOrientationPortrait UIInterfaceOrientationLandscapeLeft UIInterfaceOrientationLandscapeRight";
				LD_RUNPATH_SEARCH_PATHS = (
					"$(inherited)",
					"@executable_path/Frameworks",
				);
				MARKETING_VERSION = 1.0;
				PRODUCT_BUNDLE_IDENTIFIER = com.tarooti.exam1o2;
				PRODUCT_NAME = "$(TARGET_NAME)";
				SWIFT_EMIT_LOC_STRINGS = YES;
				SWIFT_VERSION = 5.0;
				TARGETED_DEVICE_FAMILY = "1,2";
			};
			name = Debug;
		};
		D8FEE4C42761DF81000E826D /* Release */ = {
			isa = XCBuildConfiguration;
			buildSettings = {
				ASSETCATALOG_COMPILER_APPICON_NAME = AppIcon;
				ASSETCATALOG_COMPILER_GLOBAL_ACCENT_COLOR_NAME = AccentColor;
				CODE_SIGN_STYLE = Automatic;
				CURRENT_PROJECT_VERSION = 1;
				GENERATE_INFOPLIST_FILE = YES;
				INFOPLIST_FILE = exam1o2/Info.plist;
				INFOPLIST_KEY_UIApplicationSupportsIndirectInputEvents = YES;
				INFOPLIST_KEY_UILaunchStoryboardName = LaunchScreen;
				INFOPLIST_KEY_UIMainStoryboardFile = Main;
				INFOPLIST_KEY_UISupportedInterfaceOrientations_iPad = "UIInterfaceOrientationPortrait UIInterfaceOrientationPortraitUpsideDown UIInterfaceOrientationLandscapeLeft UIInterfaceOrientationLandscapeRight";
				INFOPLIST_KEY_UISupportedInterfaceOrientations_iPhone = "UIInterfaceOrientationPortrait UIInterfaceOrientationLandscapeLeft UIInterfaceOrientationLandscapeRight";
				LD_RUNPATH_SEARCH_PATHS = (
					"$(inherited)",
					"@executable_path/Frameworks",
				);
				MARKETING_VERSION = 1.0;
				PRODUCT_BUNDLE_IDENTIFIER = com.tarooti.exam1o2;
				PRODUCT_NAME = "$(TARGET_NAME)";
				SWIFT_EMIT_LOC_STRINGS = YES;
				SWIFT_VERSION = 5.0;
				TARGETED_DEVICE_FAMILY = "1,2";
			};
			name = Release;
		};
		D8FEE4C62761DF81000E826D /* Debug */ = {
			isa = XCBuildConfiguration;
			buildSettings = {
				ALWAYS_EMBED_SWIFT_STANDARD_LIBRARIES = YES;
				BUNDLE_LOADER = "$(TEST_HOST)";
				CODE_SIGN_STYLE = Automatic;
				CURRENT_PROJECT_VERSION = 1;
				GENERATE_INFOPLIST_FILE = YES;
				IPHONEOS_DEPLOYMENT_TARGET = 15.0;
				LD_RUNPATH_SEARCH_PATHS = (
					"$(inherited)",
					"@executable_path/Frameworks",
					"@loader_path/Frameworks",
				);
				MARKETING_VERSION = 1.0;
				PRODUCT_BUNDLE_IDENTIFIER = com.tarooti.exam1o2Tests;
				PRODUCT_NAME = "$(TARGET_NAME)";
				SWIFT_EMIT_LOC_STRINGS = NO;
				SWIFT_VERSION = 5.0;
				TARGETED_DEVICE_FAMILY = "1,2";
				TEST_HOST = "$(BUILT_PRODUCTS_DIR)/exam1o2.app/exam1o2";
			};
			name = Debug;
		};
		D8FEE4C72761DF81000E826D /* Release */ = {
			isa = XCBuildConfiguration;
			buildSettings = {
				ALWAYS_EMBED_SWIFT_STANDARD_LIBRARIES = YES;
				BUNDLE_LOADER = "$(TEST_HOST)";
				CODE_SIGN_STYLE = Automatic;
				CURRENT_PROJECT_VERSION = 1;
				GENERATE_INFOPLIST_FILE = YES;
				IPHONEOS_DEPLOYMENT_TARGET = 15.0;
				LD_RUNPATH_SEARCH_PATHS = (
					"$(inherited)",
					"@executable_path/Frameworks",
					"@loader_path/Frameworks",
				);
				MARKETING_VERSION = 1.0;
				PRODUCT_BUNDLE_IDENTIFIER = com.tarooti.exam1o2Tests;
				PRODUCT_NAME = "$(TARGET_NAME)";
				SWIFT_EMIT_LOC_STRINGS = NO;
				SWIFT_VERSION = 5.0;
				TARGETED_DEVICE_FAMILY = "1,2";
				TEST_HOST = "$(BUILT_PRODUCTS_DIR)/exam1o2.app/exam1o2";
			};
			name = Release;
		};
		D8FEE4C92761DF81000E826D /* Debug */ = {
			isa = XCBuildConfiguration;
			buildSettings = {
				ALWAYS_EMBED_SWIFT_STANDARD_LIBRARIES = YES;
				CODE_SIGN_STYLE = Automatic;
				CURRENT_PROJECT_VERSION = 1;
				GENERATE_INFOPLIST_FILE = YES;
				LD_RUNPATH_SEARCH_PATHS = (
					"$(inherited)",
					"@executable_path/Frameworks",
					"@loader_path/Frameworks",
				);
				MARKETING_VERSION = 1.0;
				PRODUCT_BUNDLE_IDENTIFIER = com.tarooti.exam1o2UITests;
				PRODUCT_NAME = "$(TARGET_NAME)";
				SWIFT_EMIT_LOC_STRINGS = NO;
				SWIFT_VERSION = 5.0;
				TARGETED_DEVICE_FAMILY = "1,2";
				TEST_TARGET_NAME = exam1o2;
			};
			name = Debug;
		};
		D8FEE4CA2761DF81000E826D /* Release */ = {
			isa = XCBuildConfiguration;
			buildSettings = {
				ALWAYS_EMBED_SWIFT_STANDARD_LIBRARIES = YES;
				CODE_SIGN_STYLE = Automatic;
				CURRENT_PROJECT_VERSION = 1;
				GENERATE_INFOPLIST_FILE = YES;
				LD_RUNPATH_SEARCH_PATHS = (
					"$(inherited)",
					"@executable_path/Frameworks",
					"@loader_path/Frameworks",
				);
				MARKETING_VERSION = 1.0;
				PRODUCT_BUNDLE_IDENTIFIER = com.tarooti.exam1o2UITests;
				PRODUCT_NAME = "$(TARGET_NAME)";
				SWIFT_EMIT_LOC_STRINGS = NO;
				SWIFT_VERSION = 5.0;
				TARGETED_DEVICE_FAMILY = "1,2";
				TEST_TARGET_NAME = exam1o2;
			};
			name = Release;
		};
/* End XCBuildConfiguration section */

/* Begin XCConfigurationList section */
		D8FEE4932761DF71000E826D /* Build configuration list for PBXProject "exam1o2" */ = {
			isa = XCConfigurationList;
			buildConfigurations = (
				D8FEE4C02761DF81000E826D /* Debug */,
				D8FEE4C12761DF81000E826D /* Release */,
			);
			defaultConfigurationIsVisible = 0;
			defaultConfigurationName = Release;
		};
		D8FEE4C22761DF81000E826D /* Build configuration list for PBXNativeTarget "exam1o2" */ = {
			isa = XCConfigurationList;
			buildConfigurations = (
				D8FEE4C32761DF81000E826D /* Debug */,
				D8FEE4C42761DF81000E826D /* Release */,
			);
			defaultConfigurationIsVisible = 0;
			defaultConfigurationName = Release;
		};
		D8FEE4C52761DF81000E826D /* Build configuration list for PBXNativeTarget "exam1o2Tests" */ = {
			isa = XCConfigurationList;
			buildConfigurations = (
				D8FEE4C62761DF81000E826D /* Debug */,
				D8FEE4C72761DF81000E826D /* Release */,
			);
			defaultConfigurationIsVisible = 0;
			defaultConfigurationName = Release;
		};
		D8FEE4C82761DF81000E826D /* Build configuration list for PBXNativeTarget "exam1o2UITests" */ = {
			isa = XCConfigurationList;
			buildConfigurations = (
				D8FEE4C92761DF81000E826D /* Debug */,
				D8FEE4CA2761DF81000E826D /* Release */,
			);
			defaultConfigurationIsVisible = 0;
			defaultConfigurationName = Release;
		};
/* End XCConfigurationList section */
	};
	rootObject = D8FEE4902761DF71000E826D /* Project object */;
}
